
Microsoft Visual Studio Solution File, Format Version 12.00
# Visual Studio Version 16
VisualStudioVersion = 16.0.30907.101
MinimumVisualStudioVersion = 10.0.40219.1
Project("{9A19103F-16F7-4668-BE54-9A1E7A4F7556}") = "LuceRPG.Server", "LuceRPGServer\LuceRPG.Server.csproj", "{7DDCABF4-B3E8-45DD-A6B0-A3437276ED59}"
EndProject
Project("{6EC3EE1D-3C4E-46DD-8F32-0CC8E7565705}") = "LuceRPG.Samples", "LuceRPG.SampleWorlds\LuceRPG.Samples.fsproj", "{EACD2B1F-AACD-4DA6-9265-389C27F5B375}"
EndProject
Project("{F2A71F9B-5D33-465A-A702-920D77279786}") = "LuceRPG.Server.Core", "LuceRPG.Server.Core\LuceRPG.Server.Core.fsproj", "{BBF0CF0F-6722-4D1D-8D00-173A25624C3B}"
EndProject
Project("{F2A71F9B-5D33-465A-A702-920D77279786}") = "LuceRPG.Server.Core.Test", "LuceRPG.Server.Core.Test\LuceRPG.Server.Core.Test.fsproj", "{122A5B52-8581-4BD6-9F1D-60606C628847}"
EndProject
Global
	GlobalSection(SolutionConfigurationPlatforms) = preSolution
		Debug|Any CPU = Debug|Any CPU
		Release|Any CPU = Release|Any CPU
	EndGlobalSection
	GlobalSection(ProjectConfigurationPlatforms) = postSolution
		{7DDCABF4-B3E8-45DD-A6B0-A3437276ED59}.Debug|Any CPU.ActiveCfg = Debug|Any CPU
		{7DDCABF4-B3E8-45DD-A6B0-A3437276ED59}.Debug|Any CPU.Build.0 = Debug|Any CPU
		{7DDCABF4-B3E8-45DD-A6B0-A3437276ED59}.Release|Any CPU.ActiveCfg = Release|Any CPU
		{7DDCABF4-B3E8-45DD-A6B0-A3437276ED59}.Release|Any CPU.Build.0 = Release|Any CPU
		{EACD2B1F-AACD-4DA6-9265-389C27F5B375}.Debug|Any CPU.ActiveCfg = Debug|Any CPU
		{EACD2B1F-AACD-4DA6-9265-389C27F5B375}.Debug|Any CPU.Build.0 = Debug|Any CPU
		{EACD2B1F-AACD-4DA6-9265-389C27F5B375}.Release|Any CPU.ActiveCfg = Release|Any CPU
		{EACD2B1F-AACD-4DA6-9265-389C27F5B375}.Release|Any CPU.Build.0 = Release|Any CPU
		{BBF0CF0F-6722-4D1D-8D00-173A25624C3B}.Debug|Any CPU.ActiveCfg = Debug|Any CPU
		{BBF0CF0F-6722-4D1D-8D00-173A25624C3B}.Debug|Any CPU.Build.0 = Debug|Any CPU
		{BBF0CF0F-6722-4D1D-8D00-173A25624C3B}.Release|Any CPU.ActiveCfg = Release|Any CPU
		{BBF0CF0F-6722-4D1D-8D00-173A25624C3B}.Release|Any CPU.Build.0 = Release|Any CPU
		{122A5B52-8581-4BD6-9F1D-60606C628847}.Debug|Any CPU.ActiveCfg = Debug|Any CPU
		{122A5B52-8581-4BD6-9F1D-60606C628847}.Debug|Any CPU.Build.0 = Debug|Any CPU
		{122A5B52-8581-4BD6-9F1D-60606C628847}.Release|Any CPU.ActiveCfg = Release|Any CPU
		{122A5B52-8581-4BD6-9F1D-60606C628847}.Release|Any CPU.Build.0 = Release|Any CPU
	EndGlobalSection
	GlobalSection(SolutionProperties) = preSolution
		HideSolutionNode = FALSE
	EndGlobalSection
	GlobalSection(ExtensibilityGlobals) = postSolution
		SolutionGuid = {E14CB757-4525-4D58-BBD1-95D018C39B00}
	EndGlobalSection
EndGlobal
